// !$*UTF8*$!
{
	archiveVersion = 1;
	classes = {
	};
	objectVersion = 48;
	objects = {

/* Begin PBXBuildFile section */
		661C770CD6045D0ADEF79BAE /* Pods_GameTrackerTests.framework in Frameworks */ = {isa = PBXBuildFile; fileRef = 249941ED3C48E462C389A0B0 /* Pods_GameTrackerTests.framework */; };
		7B2477A7B436C6751B8C83C7 /* Pods_GameTracker.framework in Frameworks */ = {isa = PBXBuildFile; fileRef = 0CA62FED8A8E6DB717514EA6 /* Pods_GameTracker.framework */; };
		833914362030A05E00A96ACC /* TabBarController.swift in Sources */ = {isa = PBXBuildFile; fileRef = 833914352030A05E00A96ACC /* TabBarController.swift */; };
		8360BD622031F434007423F3 /* Wish.swift in Sources */ = {isa = PBXBuildFile; fileRef = 8360BD612031F434007423F3 /* Wish.swift */; };
		8360BD64203214E3007423F3 /* WishTableViewController.swift in Sources */ = {isa = PBXBuildFile; fileRef = 8360BD63203214E3007423F3 /* WishTableViewController.swift */; };
		8360BD66203214F2007423F3 /* WishTableViewCell.swift in Sources */ = {isa = PBXBuildFile; fileRef = 8360BD65203214F2007423F3 /* WishTableViewCell.swift */; };
		8360BD6820321845007423F3 /* WishViewController.swift in Sources */ = {isa = PBXBuildFile; fileRef = 8360BD6720321845007423F3 /* WishViewController.swift */; };
		83800AEA203CCAEA00D3A713 /* MembershipTableViewController.swift in Sources */ = {isa = PBXBuildFile; fileRef = 83800AE9203CCAEA00D3A713 /* MembershipTableViewController.swift */; };
		83800AEC203CD95200D3A713 /* GameMember.swift in Sources */ = {isa = PBXBuildFile; fileRef = 83800AEB203CD95200D3A713 /* GameMember.swift */; };
		83800AEE203CDAEA00D3A713 /* GameMemberTableViewCell.swift in Sources */ = {isa = PBXBuildFile; fileRef = 83800AED203CDAEA00D3A713 /* GameMemberTableViewCell.swift */; };
		AC746C571CC3E5AF00555E6D /* AppDelegate.swift in Sources */ = {isa = PBXBuildFile; fileRef = AC746C561CC3E5AF00555E6D /* AppDelegate.swift */; };
		AC746C591CC3E5AF00555E6D /* GameViewController.swift in Sources */ = {isa = PBXBuildFile; fileRef = AC746C581CC3E5AF00555E6D /* GameViewController.swift */; };
		AC746C5C1CC3E5B000555E6D /* Main.storyboard in Resources */ = {isa = PBXBuildFile; fileRef = AC746C5A1CC3E5B000555E6D /* Main.storyboard */; };
		AC746C5E1CC3E5B000555E6D /* Assets.xcassets in Resources */ = {isa = PBXBuildFile; fileRef = AC746C5D1CC3E5B000555E6D /* Assets.xcassets */; };
		AC746C611CC3E5B000555E6D /* LaunchScreen.storyboard in Resources */ = {isa = PBXBuildFile; fileRef = AC746C5F1CC3E5B000555E6D /* LaunchScreen.storyboard */; };
		AC746C6C1CC3E5B100555E6D /* GameTrackerTests.swift in Sources */ = {isa = PBXBuildFile; fileRef = AC746C6B1CC3E5B100555E6D /* GameTrackerTests.swift */; };
		AC9B9EFA1CCD0276004DF7B5 /* Game.swift in Sources */ = {isa = PBXBuildFile; fileRef = AC9B9EF91CCD0276004DF7B5 /* Game.swift */; };
		AC9B9EFB1CCD0276004DF7B5 /* Game.swift in Sources */ = {isa = PBXBuildFile; fileRef = AC9B9EF91CCD0276004DF7B5 /* Game.swift */; };
		AC9B9EFD1CCD20B4004DF7B5 /* GameTableViewCell.swift in Sources */ = {isa = PBXBuildFile; fileRef = AC9B9EFC1CCD20B4004DF7B5 /* GameTableViewCell.swift */; };
		AC9B9EFF1CCD2F09004DF7B5 /* GameTableViewController.swift in Sources */ = {isa = PBXBuildFile; fileRef = AC9B9EFE1CCD2F09004DF7B5 /* GameTableViewController.swift */; };
/* End PBXBuildFile section */

/* Begin PBXContainerItemProxy section */
		AC746C681CC3E5B000555E6D /* PBXContainerItemProxy */ = {
			isa = PBXContainerItemProxy;
			containerPortal = AC746C4B1CC3E5AD00555E6D /* Project object */;
			proxyType = 1;
			remoteGlobalIDString = AC746C521CC3E5AD00555E6D;
			remoteInfo = FoodTracker;
		};
/* End PBXContainerItemProxy section */

/* Begin PBXFileReference section */
		00C8DE1EBB4B909605FA5CA7 /* Pods-GameTrackerTests.debug.xcconfig */ = {isa = PBXFileReference; includeInIndex = 1; lastKnownFileType = text.xcconfig; name = "Pods-GameTrackerTests.debug.xcconfig"; path = "Pods/Target Support Files/Pods-GameTrackerTests/Pods-GameTrackerTests.debug.xcconfig"; sourceTree = "<group>"; };
		0CA62FED8A8E6DB717514EA6 /* Pods_GameTracker.framework */ = {isa = PBXFileReference; explicitFileType = wrapper.framework; includeInIndex = 0; path = Pods_GameTracker.framework; sourceTree = BUILT_PRODUCTS_DIR; };
		13A019B5FA5AB6CF1CBF1D65 /* Pods-GameTracker.debug.xcconfig */ = {isa = PBXFileReference; includeInIndex = 1; lastKnownFileType = text.xcconfig; name = "Pods-GameTracker.debug.xcconfig"; path = "Pods/Target Support Files/Pods-GameTracker/Pods-GameTracker.debug.xcconfig"; sourceTree = "<group>"; };
		249941ED3C48E462C389A0B0 /* Pods_GameTrackerTests.framework */ = {isa = PBXFileReference; explicitFileType = wrapper.framework; includeInIndex = 0; path = Pods_GameTrackerTests.framework; sourceTree = BUILT_PRODUCTS_DIR; };
		343CE31AFCB92883FC690DE0 /* Pods-GameTracker.release.xcconfig */ = {isa = PBXFileReference; includeInIndex = 1; lastKnownFileType = text.xcconfig; name = "Pods-GameTracker.release.xcconfig"; path = "Pods/Target Support Files/Pods-GameTracker/Pods-GameTracker.release.xcconfig"; sourceTree = "<group>"; };
		3DCA5194E84D1092A3B798F9 /* Pods-GameTrackerTests.release.xcconfig */ = {isa = PBXFileReference; includeInIndex = 1; lastKnownFileType = text.xcconfig; name = "Pods-GameTrackerTests.release.xcconfig"; path = "Pods/Target Support Files/Pods-GameTrackerTests/Pods-GameTrackerTests.release.xcconfig"; sourceTree = "<group>"; };
		833914352030A05E00A96ACC /* TabBarController.swift */ = {isa = PBXFileReference; lastKnownFileType = sourcecode.swift; path = TabBarController.swift; sourceTree = "<group>"; };
		8360BD612031F434007423F3 /* Wish.swift */ = {isa = PBXFileReference; lastKnownFileType = sourcecode.swift; path = Wish.swift; sourceTree = "<group>"; };
		8360BD63203214E3007423F3 /* WishTableViewController.swift */ = {isa = PBXFileReference; fileEncoding = 4; lastKnownFileType = sourcecode.swift; path = WishTableViewController.swift; sourceTree = "<group>"; };
		8360BD65203214F2007423F3 /* WishTableViewCell.swift */ = {isa = PBXFileReference; fileEncoding = 4; lastKnownFileType = sourcecode.swift; path = WishTableViewCell.swift; sourceTree = "<group>"; };
		8360BD6720321845007423F3 /* WishViewController.swift */ = {isa = PBXFileReference; fileEncoding = 4; lastKnownFileType = sourcecode.swift; path = WishViewController.swift; sourceTree = "<group>"; };
		83800AE9203CCAEA00D3A713 /* MembershipTableViewController.swift */ = {isa = PBXFileReference; lastKnownFileType = sourcecode.swift; path = MembershipTableViewController.swift; sourceTree = "<group>"; };
		83800AEB203CD95200D3A713 /* GameMember.swift */ = {isa = PBXFileReference; fileEncoding = 4; lastKnownFileType = sourcecode.swift; path = GameMember.swift; sourceTree = "<group>"; };
		83800AED203CDAEA00D3A713 /* GameMemberTableViewCell.swift */ = {isa = PBXFileReference; fileEncoding = 4; lastKnownFileType = sourcecode.swift; path = GameMemberTableViewCell.swift; sourceTree = "<group>"; };
		AC746C531CC3E5AD00555E6D /* GameTracker.app */ = {isa = PBXFileReference; explicitFileType = wrapper.application; includeInIndex = 0; path = GameTracker.app; sourceTree = BUILT_PRODUCTS_DIR; };
		AC746C561CC3E5AF00555E6D /* AppDelegate.swift */ = {isa = PBXFileReference; lastKnownFileType = sourcecode.swift; path = AppDelegate.swift; sourceTree = "<group>"; };
		AC746C581CC3E5AF00555E6D /* GameViewController.swift */ = {isa = PBXFileReference; lastKnownFileType = sourcecode.swift; path = GameViewController.swift; sourceTree = "<group>"; };
		AC746C5B1CC3E5B000555E6D /* Base */ = {isa = PBXFileReference; lastKnownFileType = file.storyboard; name = Base; path = Base.lproj/Main.storyboard; sourceTree = "<group>"; };
		AC746C5D1CC3E5B000555E6D /* Assets.xcassets */ = {isa = PBXFileReference; lastKnownFileType = folder.assetcatalog; path = Assets.xcassets; sourceTree = "<group>"; };
		AC746C601CC3E5B000555E6D /* Base */ = {isa = PBXFileReference; lastKnownFileType = file.storyboard; name = Base; path = Base.lproj/LaunchScreen.storyboard; sourceTree = "<group>"; };
		AC746C621CC3E5B000555E6D /* Info.plist */ = {isa = PBXFileReference; lastKnownFileType = text.plist.xml; path = Info.plist; sourceTree = "<group>"; };
		AC746C671CC3E5B000555E6D /* GameTrackerTests.xctest */ = {isa = PBXFileReference; explicitFileType = wrapper.cfbundle; includeInIndex = 0; path = GameTrackerTests.xctest; sourceTree = BUILT_PRODUCTS_DIR; };
		AC746C6B1CC3E5B100555E6D /* GameTrackerTests.swift */ = {isa = PBXFileReference; lastKnownFileType = sourcecode.swift; path = GameTrackerTests.swift; sourceTree = "<group>"; };
		AC746C6D1CC3E5B100555E6D /* Info.plist */ = {isa = PBXFileReference; lastKnownFileType = text.plist.xml; path = Info.plist; sourceTree = "<group>"; };
		AC9B9EF91CCD0276004DF7B5 /* Game.swift */ = {isa = PBXFileReference; fileEncoding = 4; lastKnownFileType = sourcecode.swift; path = Game.swift; sourceTree = "<group>"; };
		AC9B9EFC1CCD20B4004DF7B5 /* GameTableViewCell.swift */ = {isa = PBXFileReference; fileEncoding = 4; lastKnownFileType = sourcecode.swift; path = GameTableViewCell.swift; sourceTree = "<group>"; };
		AC9B9EFE1CCD2F09004DF7B5 /* GameTableViewController.swift */ = {isa = PBXFileReference; fileEncoding = 4; lastKnownFileType = sourcecode.swift; path = GameTableViewController.swift; sourceTree = "<group>"; };
/* End PBXFileReference section */

/* Begin PBXFrameworksBuildPhase section */
		AC746C501CC3E5AD00555E6D /* Frameworks */ = {
			isa = PBXFrameworksBuildPhase;
			buildActionMask = 2147483647;
			files = (
				7B2477A7B436C6751B8C83C7 /* Pods_GameTracker.framework in Frameworks */,
			);
			runOnlyForDeploymentPostprocessing = 0;
		};
		AC746C641CC3E5B000555E6D /* Frameworks */ = {
			isa = PBXFrameworksBuildPhase;
			buildActionMask = 2147483647;
			files = (
				661C770CD6045D0ADEF79BAE /* Pods_GameTrackerTests.framework in Frameworks */,
			);
			runOnlyForDeploymentPostprocessing = 0;
		};
/* End PBXFrameworksBuildPhase section */

/* Begin PBXGroup section */
		2E235051BFE9D69D9FC9D989 /* Pods */ = {
			isa = PBXGroup;
			children = (
				13A019B5FA5AB6CF1CBF1D65 /* Pods-GameTracker.debug.xcconfig */,
				343CE31AFCB92883FC690DE0 /* Pods-GameTracker.release.xcconfig */,
				00C8DE1EBB4B909605FA5CA7 /* Pods-GameTrackerTests.debug.xcconfig */,
				3DCA5194E84D1092A3B798F9 /* Pods-GameTrackerTests.release.xcconfig */,
			);
			name = Pods;
			sourceTree = "<group>";
		};
		9E35F333539134F497CAB28E /* Frameworks */ = {
			isa = PBXGroup;
			children = (
				0CA62FED8A8E6DB717514EA6 /* Pods_GameTracker.framework */,
				249941ED3C48E462C389A0B0 /* Pods_GameTrackerTests.framework */,
			);
			name = Frameworks;
			sourceTree = "<group>";
		};
		AC746C4A1CC3E5AD00555E6D = {
			isa = PBXGroup;
			children = (
				AC746C551CC3E5AE00555E6D /* GameTracker */,
				AC746C6A1CC3E5B000555E6D /* GameTrackerTests */,
				AC746C541CC3E5AD00555E6D /* Products */,
				2E235051BFE9D69D9FC9D989 /* Pods */,
				9E35F333539134F497CAB28E /* Frameworks */,
			);
			sourceTree = "<group>";
		};
		AC746C541CC3E5AD00555E6D /* Products */ = {
			isa = PBXGroup;
			children = (
				AC746C531CC3E5AD00555E6D /* GameTracker.app */,
				AC746C671CC3E5B000555E6D /* GameTrackerTests.xctest */,
			);
			name = Products;
			sourceTree = "<group>";
		};
		AC746C551CC3E5AE00555E6D /* GameTracker */ = {
			isa = PBXGroup;
			children = (
				AC746C561CC3E5AF00555E6D /* AppDelegate.swift */,
				AC746C581CC3E5AF00555E6D /* GameViewController.swift */,
				8360BD6720321845007423F3 /* WishViewController.swift */,
				AC9B9EF91CCD0276004DF7B5 /* Game.swift */,
				8360BD612031F434007423F3 /* Wish.swift */,
				83800AEB203CD95200D3A713 /* GameMember.swift */,
				AC746C5A1CC3E5B000555E6D /* Main.storyboard */,
				83800AE9203CCAEA00D3A713 /* MembershipTableViewController.swift */,
				833914352030A05E00A96ACC /* TabBarController.swift */,
				AC9B9EFC1CCD20B4004DF7B5 /* GameTableViewCell.swift */,
				8360BD65203214F2007423F3 /* WishTableViewCell.swift */,
				83800AED203CDAEA00D3A713 /* GameMemberTableViewCell.swift */,
				AC9B9EFE1CCD2F09004DF7B5 /* GameTableViewController.swift */,
				8360BD63203214E3007423F3 /* WishTableViewController.swift */,
				AC746C5D1CC3E5B000555E6D /* Assets.xcassets */,
				AC746C5F1CC3E5B000555E6D /* LaunchScreen.storyboard */,
				AC746C621CC3E5B000555E6D /* Info.plist */,
			);
			path = GameTracker;
			sourceTree = "<group>";
		};
		AC746C6A1CC3E5B000555E6D /* GameTrackerTests */ = {
			isa = PBXGroup;
			children = (
				AC746C6B1CC3E5B100555E6D /* GameTrackerTests.swift */,
				AC746C6D1CC3E5B100555E6D /* Info.plist */,
			);
			path = GameTrackerTests;
			sourceTree = "<group>";
		};
/* End PBXGroup section */

/* Begin PBXNativeTarget section */
		AC746C521CC3E5AD00555E6D /* GameTracker */ = {
			isa = PBXNativeTarget;
			buildConfigurationList = AC746C701CC3E5B100555E6D /* Build configuration list for PBXNativeTarget "GameTracker" */;
			buildPhases = (
				AC7AC3A24BFD80D7F0FDADB5 /* [CP] Check Pods Manifest.lock */,
				AC746C4F1CC3E5AD00555E6D /* Sources */,
				AC746C501CC3E5AD00555E6D /* Frameworks */,
				AC746C511CC3E5AD00555E6D /* Resources */,
				FAC5D99DA469A05268A24336 /* [CP] Embed Pods Frameworks */,
				ED9BF464960E2E2E5B3E3B58 /* [CP] Copy Pods Resources */,
			);
			buildRules = (
			);
			dependencies = (
			);
			name = GameTracker;
			productName = FoodTracker;
			productReference = AC746C531CC3E5AD00555E6D /* GameTracker.app */;
			productType = "com.apple.product-type.application";
		};
		AC746C661CC3E5B000555E6D /* GameTrackerTests */ = {
			isa = PBXNativeTarget;
			buildConfigurationList = AC746C731CC3E5B100555E6D /* Build configuration list for PBXNativeTarget "GameTrackerTests" */;
			buildPhases = (
				6A8A6D81065C5214A29DDD16 /* [CP] Check Pods Manifest.lock */,
				AC746C631CC3E5B000555E6D /* Sources */,
				AC746C641CC3E5B000555E6D /* Frameworks */,
				AC746C651CC3E5B000555E6D /* Resources */,
				89758CAE2CC9DBE58D1DD1D7 /* [CP] Embed Pods Frameworks */,
				B49F4CDD664B8E5DA0ECC3D4 /* [CP] Copy Pods Resources */,
			);
			buildRules = (
			);
			dependencies = (
				AC746C691CC3E5B000555E6D /* PBXTargetDependency */,
			);
			name = GameTrackerTests;
			productName = FoodTrackerTests;
			productReference = AC746C671CC3E5B000555E6D /* GameTrackerTests.xctest */;
			productType = "com.apple.product-type.bundle.unit-test";
		};
/* End PBXNativeTarget section */

/* Begin PBXProject section */
		AC746C4B1CC3E5AD00555E6D /* Project object */ = {
			isa = PBXProject;
			attributes = {
				LastSwiftUpdateCheck = 0730;
				LastUpgradeCheck = 0900;
				ORGANIZATIONNAME = "Julien TRAN";
				TargetAttributes = {
					AC746C521CC3E5AD00555E6D = {
						CreatedOnToolsVersion = 7.3;
						LastSwiftMigration = 0900;
					};
					AC746C661CC3E5B000555E6D = {
						CreatedOnToolsVersion = 7.3;
						LastSwiftMigration = 0900;
						ProvisioningStyle = Manual;
						TestTargetID = AC746C521CC3E5AD00555E6D;
					};
				};
			};
			buildConfigurationList = AC746C4E1CC3E5AD00555E6D /* Build configuration list for PBXProject "GameTracker" */;
			compatibilityVersion = "Xcode 8.0";
			developmentRegion = English;
			hasScannedForEncodings = 0;
			knownRegions = (
				English,
				en,
				Base,
			);
			mainGroup = AC746C4A1CC3E5AD00555E6D;
			productRefGroup = AC746C541CC3E5AD00555E6D /* Products */;
			projectDirPath = "";
			projectRoot = "";
			targets = (
				AC746C521CC3E5AD00555E6D /* GameTracker */,
				AC746C661CC3E5B000555E6D /* GameTrackerTests */,
			);
		};
/* End PBXProject section */

/* Begin PBXResourcesBuildPhase section */
		AC746C511CC3E5AD00555E6D /* Resources */ = {
			isa = PBXResourcesBuildPhase;
			buildActionMask = 2147483647;
			files = (
				AC746C611CC3E5B000555E6D /* LaunchScreen.storyboard in Resources */,
				AC746C5E1CC3E5B000555E6D /* Assets.xcassets in Resources */,
				AC746C5C1CC3E5B000555E6D /* Main.storyboard in Resources */,
			);
			runOnlyForDeploymentPostprocessing = 0;
		};
		AC746C651CC3E5B000555E6D /* Resources */ = {
			isa = PBXResourcesBuildPhase;
			buildActionMask = 2147483647;
			files = (
			);
			runOnlyForDeploymentPostprocessing = 0;
		};
/* End PBXResourcesBuildPhase section */

/* Begin PBXShellScriptBuildPhase section */
		6A8A6D81065C5214A29DDD16 /* [CP] Check Pods Manifest.lock */ = {
			isa = PBXShellScriptBuildPhase;
			buildActionMask = 2147483647;
			files = (
			);
			inputPaths = (
				"${PODS_PODFILE_DIR_PATH}/Podfile.lock",
				"${PODS_ROOT}/Manifest.lock",
			);
			name = "[CP] Check Pods Manifest.lock";
			outputPaths = (
				"$(DERIVED_FILE_DIR)/Pods-GameTrackerTests-checkManifestLockResult.txt",
			);
			runOnlyForDeploymentPostprocessing = 0;
			shellPath = /bin/sh;
			shellScript = "diff \"${PODS_PODFILE_DIR_PATH}/Podfile.lock\" \"${PODS_ROOT}/Manifest.lock\" > /dev/null\nif [ $? != 0 ] ; then\n    # print error to STDERR\n    echo \"error: The sandbox is not in sync with the Podfile.lock. Run 'pod install' or update your CocoaPods installation.\" >&2\n    exit 1\nfi\n# This output is used by Xcode 'outputs' to avoid re-running this script phase.\necho \"SUCCESS\" > \"${SCRIPT_OUTPUT_FILE_0}\"\n";
			showEnvVarsInLog = 0;
		};
		89758CAE2CC9DBE58D1DD1D7 /* [CP] Embed Pods Frameworks */ = {
			isa = PBXShellScriptBuildPhase;
			buildActionMask = 2147483647;
			files = (
			);
			inputPaths = (
			);
			name = "[CP] Embed Pods Frameworks";
			outputPaths = (
			);
			runOnlyForDeploymentPostprocessing = 0;
			shellPath = /bin/sh;
			shellScript = "\"${SRCROOT}/Pods/Target Support Files/Pods-GameTrackerTests/Pods-GameTrackerTests-frameworks.sh\"\n";
			showEnvVarsInLog = 0;
		};
		AC7AC3A24BFD80D7F0FDADB5 /* [CP] Check Pods Manifest.lock */ = {
			isa = PBXShellScriptBuildPhase;
			buildActionMask = 2147483647;
			files = (
			);
			inputPaths = (
				"${PODS_PODFILE_DIR_PATH}/Podfile.lock",
				"${PODS_ROOT}/Manifest.lock",
			);
			name = "[CP] Check Pods Manifest.lock";
			outputPaths = (
				"$(DERIVED_FILE_DIR)/Pods-GameTracker-checkManifestLockResult.txt",
			);
			runOnlyForDeploymentPostprocessing = 0;
			shellPath = /bin/sh;
			shellScript = "diff \"${PODS_PODFILE_DIR_PATH}/Podfile.lock\" \"${PODS_ROOT}/Manifest.lock\" > /dev/null\nif [ $? != 0 ] ; then\n    # print error to STDERR\n    echo \"error: The sandbox is not in sync with the Podfile.lock. Run 'pod install' or update your CocoaPods installation.\" >&2\n    exit 1\nfi\n# This output is used by Xcode 'outputs' to avoid re-running this script phase.\necho \"SUCCESS\" > \"${SCRIPT_OUTPUT_FILE_0}\"\n";
			showEnvVarsInLog = 0;
		};
		B49F4CDD664B8E5DA0ECC3D4 /* [CP] Copy Pods Resources */ = {
			isa = PBXShellScriptBuildPhase;
			buildActionMask = 2147483647;
			files = (
			);
			inputPaths = (
			);
			name = "[CP] Copy Pods Resources";
			outputPaths = (
			);
			runOnlyForDeploymentPostprocessing = 0;
			shellPath = /bin/sh;
			shellScript = "\"${SRCROOT}/Pods/Target Support Files/Pods-GameTrackerTests/Pods-GameTrackerTests-resources.sh\"\n";
			showEnvVarsInLog = 0;
		};
		ED9BF464960E2E2E5B3E3B58 /* [CP] Copy Pods Resources */ = {
			isa = PBXShellScriptBuildPhase;
			buildActionMask = 2147483647;
			files = (
			);
			inputPaths = (
			);
			name = "[CP] Copy Pods Resources";
			outputPaths = (
			);
			runOnlyForDeploymentPostprocessing = 0;
			shellPath = /bin/sh;
			shellScript = "\"${SRCROOT}/Pods/Target Support Files/Pods-GameTracker/Pods-GameTracker-resources.sh\"\n";
			showEnvVarsInLog = 0;
		};
		FAC5D99DA469A05268A24336 /* [CP] Embed Pods Frameworks */ = {
			isa = PBXShellScriptBuildPhase;
			buildActionMask = 2147483647;
			files = (
			);
			inputPaths = (
				"${SRCROOT}/Pods/Target Support Files/Pods-GameTracker/Pods-GameTracker-frameworks.sh",
				"${BUILT_PRODUCTS_DIR}/BarcodeScanner/BarcodeScanner.framework",
				"${BUILT_PRODUCTS_DIR}/IGDBWrapper/IGDBWrapper.framework",
			);
			name = "[CP] Embed Pods Frameworks";
			outputPaths = (
				"${TARGET_BUILD_DIR}/${FRAMEWORKS_FOLDER_PATH}/BarcodeScanner.framework",
				"${TARGET_BUILD_DIR}/${FRAMEWORKS_FOLDER_PATH}/IGDBWrapper.framework",
			);
			runOnlyForDeploymentPostprocessing = 0;
			shellPath = /bin/sh;
			shellScript = "\"${SRCROOT}/Pods/Target Support Files/Pods-GameTracker/Pods-GameTracker-frameworks.sh\"\n";
			showEnvVarsInLog = 0;
		};
/* End PBXShellScriptBuildPhase section */

/* Begin PBXSourcesBuildPhase section */
		AC746C4F1CC3E5AD00555E6D /* Sources */ = {
			isa = PBXSourcesBuildPhase;
			buildActionMask = 2147483647;
			files = (
				8360BD66203214F2007423F3 /* WishTableViewCell.swift in Sources */,
				8360BD622031F434007423F3 /* Wish.swift in Sources */,
				AC9B9EFA1CCD0276004DF7B5 /* Game.swift in Sources */,
				AC746C591CC3E5AF00555E6D /* GameViewController.swift in Sources */,
				83800AEA203CCAEA00D3A713 /* MembershipTableViewController.swift in Sources */,
				8360BD64203214E3007423F3 /* WishTableViewController.swift in Sources */,
				8360BD6820321845007423F3 /* WishViewController.swift in Sources */,
				AC746C571CC3E5AF00555E6D /* AppDelegate.swift in Sources */,
				83800AEE203CDAEA00D3A713 /* GameMemberTableViewCell.swift in Sources */,
				833914362030A05E00A96ACC /* TabBarController.swift in Sources */,
				83800AEC203CD95200D3A713 /* GameMember.swift in Sources */,
				AC9B9EFF1CCD2F09004DF7B5 /* GameTableViewController.swift in Sources */,
				AC9B9EFD1CCD20B4004DF7B5 /* GameTableViewCell.swift in Sources */,
			);
			runOnlyForDeploymentPostprocessing = 0;
		};
		AC746C631CC3E5B000555E6D /* Sources */ = {
			isa = PBXSourcesBuildPhase;
			buildActionMask = 2147483647;
			files = (
				AC9B9EFB1CCD0276004DF7B5 /* Game.swift in Sources */,
				AC746C6C1CC3E5B100555E6D /* GameTrackerTests.swift in Sources */,
			);
			runOnlyForDeploymentPostprocessing = 0;
		};
/* End PBXSourcesBuildPhase section */

/* Begin PBXTargetDependency section */
		AC746C691CC3E5B000555E6D /* PBXTargetDependency */ = {
			isa = PBXTargetDependency;
			target = AC746C521CC3E5AD00555E6D /* GameTracker */;
			targetProxy = AC746C681CC3E5B000555E6D /* PBXContainerItemProxy */;
		};
/* End PBXTargetDependency section */

/* Begin PBXVariantGroup section */
		AC746C5A1CC3E5B000555E6D /* Main.storyboard */ = {
			isa = PBXVariantGroup;
			children = (
				AC746C5B1CC3E5B000555E6D /* Base */,
			);
			name = Main.storyboard;
			sourceTree = "<group>";
		};
		AC746C5F1CC3E5B000555E6D /* LaunchScreen.storyboard */ = {
			isa = PBXVariantGroup;
			children = (
				AC746C601CC3E5B000555E6D /* Base */,
			);
			name = LaunchScreen.storyboard;
			sourceTree = "<group>";
		};
/* End PBXVariantGroup section */

/* Begin XCBuildConfiguration section */
		AC746C6E1CC3E5B100555E6D /* Debug */ = {
			isa = XCBuildConfiguration;
			buildSettings = {
				ALWAYS_SEARCH_USER_PATHS = NO;
				CLANG_ANALYZER_NONNULL = YES;
				CLANG_CXX_LANGUAGE_STANDARD = "gnu++0x";
				CLANG_CXX_LIBRARY = "libc++";
				CLANG_ENABLE_MODULES = YES;
				CLANG_ENABLE_OBJC_ARC = YES;
				CLANG_WARN_BLOCK_CAPTURE_AUTORELEASING = YES;
				CLANG_WARN_BOOL_CONVERSION = YES;
				CLANG_WARN_COMMA = YES;
				CLANG_WARN_CONSTANT_CONVERSION = YES;
				CLANG_WARN_DIRECT_OBJC_ISA_USAGE = YES_ERROR;
				CLANG_WARN_EMPTY_BODY = YES;
				CLANG_WARN_ENUM_CONVERSION = YES;
				CLANG_WARN_INFINITE_RECURSION = YES;
				CLANG_WARN_INT_CONVERSION = YES;
				CLANG_WARN_NON_LITERAL_NULL_CONVERSION = YES;
				CLANG_WARN_OBJC_LITERAL_CONVERSION = YES;
				CLANG_WARN_OBJC_ROOT_CLASS = YES_ERROR;
				CLANG_WARN_RANGE_LOOP_ANALYSIS = YES;
				CLANG_WARN_STRICT_PROTOTYPES = YES;
				CLANG_WARN_SUSPICIOUS_MOVE = YES;
				CLANG_WARN_UNREACHABLE_CODE = YES;
				CLANG_WARN__DUPLICATE_METHOD_MATCH = YES;
				CODE_SIGN_IDENTITY = "";
				"CODE_SIGN_IDENTITY[sdk=iphoneos*]" = "iPhone Developer";
				COPY_PHASE_STRIP = NO;
				DEBUG_INFORMATION_FORMAT = dwarf;
				ENABLE_STRICT_OBJC_MSGSEND = YES;
				ENABLE_TESTABILITY = YES;
				GCC_C_LANGUAGE_STANDARD = gnu99;
				GCC_DYNAMIC_NO_PIC = NO;
				GCC_NO_COMMON_BLOCKS = YES;
				GCC_OPTIMIZATION_LEVEL = 0;
				GCC_PREPROCESSOR_DEFINITIONS = (
					"DEBUG=1",
					"$(inherited)",
				);
				GCC_WARN_64_TO_32_BIT_CONVERSION = YES;
				GCC_WARN_ABOUT_RETURN_TYPE = YES_ERROR;
				GCC_WARN_UNDECLARED_SELECTOR = YES;
				GCC_WARN_UNINITIALIZED_AUTOS = YES_AGGRESSIVE;
				GCC_WARN_UNUSED_FUNCTION = YES;
				GCC_WARN_UNUSED_VARIABLE = YES;
				IPHONEOS_DEPLOYMENT_TARGET = 10.3;
				MTL_ENABLE_DEBUG_INFO = YES;
				ONLY_ACTIVE_ARCH = YES;
				SDKROOT = iphoneos;
				SWIFT_OPTIMIZATION_LEVEL = "-Onone";
				TARGETED_DEVICE_FAMILY = "1,2";
			};
			name = Debug;
		};
		AC746C6F1CC3E5B100555E6D /* Release */ = {
			isa = XCBuildConfiguration;
			buildSettings = {
				ALWAYS_SEARCH_USER_PATHS = NO;
				CLANG_ANALYZER_NONNULL = YES;
				CLANG_CXX_LANGUAGE_STANDARD = "gnu++0x";
				CLANG_CXX_LIBRARY = "libc++";
				CLANG_ENABLE_MODULES = YES;
				CLANG_ENABLE_OBJC_ARC = YES;
				CLANG_WARN_BLOCK_CAPTURE_AUTORELEASING = YES;
				CLANG_WARN_BOOL_CONVERSION = YES;
				CLANG_WARN_COMMA = YES;
				CLANG_WARN_CONSTANT_CONVERSION = YES;
				CLANG_WARN_DIRECT_OBJC_ISA_USAGE = YES_ERROR;
				CLANG_WARN_EMPTY_BODY = YES;
				CLANG_WARN_ENUM_CONVERSION = YES;
				CLANG_WARN_INFINITE_RECURSION = YES;
				CLANG_WARN_INT_CONVERSION = YES;
				CLANG_WARN_NON_LITERAL_NULL_CONVERSION = YES;
				CLANG_WARN_OBJC_LITERAL_CONVERSION = YES;
				CLANG_WARN_OBJC_ROOT_CLASS = YES_ERROR;
				CLANG_WARN_RANGE_LOOP_ANALYSIS = YES;
				CLANG_WARN_STRICT_PROTOTYPES = YES;
				CLANG_WARN_SUSPICIOUS_MOVE = YES;
				CLANG_WARN_UNREACHABLE_CODE = YES;
				CLANG_WARN__DUPLICATE_METHOD_MATCH = YES;
				CODE_SIGN_IDENTITY = "";
				"CODE_SIGN_IDENTITY[sdk=iphoneos*]" = "iPhone Developer";
				COPY_PHASE_STRIP = NO;
				DEBUG_INFORMATION_FORMAT = "dwarf-with-dsym";
				ENABLE_NS_ASSERTIONS = NO;
				ENABLE_STRICT_OBJC_MSGSEND = YES;
				GCC_C_LANGUAGE_STANDARD = gnu99;
				GCC_NO_COMMON_BLOCKS = YES;
				GCC_WARN_64_TO_32_BIT_CONVERSION = YES;
				GCC_WARN_ABOUT_RETURN_TYPE = YES_ERROR;
				GCC_WARN_UNDECLARED_SELECTOR = YES;
				GCC_WARN_UNINITIALIZED_AUTOS = YES_AGGRESSIVE;
				GCC_WARN_UNUSED_FUNCTION = YES;
				GCC_WARN_UNUSED_VARIABLE = YES;
				IPHONEOS_DEPLOYMENT_TARGET = 10.3;
				MTL_ENABLE_DEBUG_INFO = NO;
				SDKROOT = iphoneos;
				SWIFT_OPTIMIZATION_LEVEL = "-Owholemodule";
				TARGETED_DEVICE_FAMILY = "1,2";
				VALIDATE_PRODUCT = YES;
			};
			name = Release;
		};
		AC746C711CC3E5B100555E6D /* Debug */ = {
			isa = XCBuildConfiguration;
			baseConfigurationReference = 13A019B5FA5AB6CF1CBF1D65 /* Pods-GameTracker.debug.xcconfig */;
			buildSettings = {
				ASSETCATALOG_COMPILER_APPICON_NAME = AppIcon;
				CODE_SIGN_IDENTITY = "iPhone Developer";
				DEVELOPMENT_TEAM = 9FDKR46K8X;
				INFOPLIST_FILE = "$(SRCROOT)/GameTracker/Info.plist";
				IPHONEOS_DEPLOYMENT_TARGET = 10.3;
				LD_RUNPATH_SEARCH_PATHS = "$(inherited) @executable_path/Frameworks";
				PRODUCT_BUNDLE_IDENTIFIER = com.hbh.VideoGames;
				PRODUCT_NAME = "$(TARGET_NAME)";
				SDKROOT = iphoneos;
				SWIFT_SWIFT3_OBJC_INFERENCE = On;
				SWIFT_VERSION = 4.0;
			};
			name = Debug;
		};
		AC746C721CC3E5B100555E6D /* Release */ = {
			isa = XCBuildConfiguration;
			baseConfigurationReference = 343CE31AFCB92883FC690DE0 /* Pods-GameTracker.release.xcconfig */;
			buildSettings = {
				ASSETCATALOG_COMPILER_APPICON_NAME = AppIcon;
				CODE_SIGN_IDENTITY = "iPhone Developer";
				DEVELOPMENT_TEAM = 9FDKR46K8X;
				INFOPLIST_FILE = "$(SRCROOT)/GameTracker/Info.plist";
				IPHONEOS_DEPLOYMENT_TARGET = 10.3;
				LD_RUNPATH_SEARCH_PATHS = "$(inherited) @executable_path/Frameworks";
				PRODUCT_BUNDLE_IDENTIFIER = com.hbh.VideoGames;
				PRODUCT_NAME = "$(TARGET_NAME)";
				SDKROOT = iphoneos;
				SWIFT_SWIFT3_OBJC_INFERENCE = On;
				SWIFT_VERSION = 4.0;
			};
			name = Release;
		};
		AC746C741CC3E5B100555E6D /* Debug */ = {
			isa = XCBuildConfiguration;
			baseConfigurationReference = 00C8DE1EBB4B909605FA5CA7 /* Pods-GameTrackerTests.debug.xcconfig */;
			buildSettings = {
				BUNDLE_LOADER = "$(TEST_HOST)";
				CODE_SIGN_STYLE = Manual;
				DEVELOPMENT_TEAM = 9FDKR46K8X;
				INFOPLIST_FILE = GameTrackerTests/Info.plist;
				LD_RUNPATH_SEARCH_PATHS = "$(inherited) @executable_path/Frameworks @loader_path/Frameworks";
				PRODUCT_BUNDLE_IDENTIFIER = com.example.GameTrackerTests;
				PRODUCT_NAME = "$(TARGET_NAME)";
				PROVISIONING_PROFILE_SPECIFIER = "";
				SWIFT_SWIFT3_OBJC_INFERENCE = On;
				SWIFT_VERSION = 4.0;
				TEST_HOST = "$(BUILT_PRODUCTS_DIR)/GameTracker.app/GameTracker";
			};
			name = Debug;
		};
		AC746C751CC3E5B100555E6D /* Release */ = {
			isa = XCBuildConfiguration;
			baseConfigurationReference = 3DCA5194E84D1092A3B798F9 /* Pods-GameTrackerTests.release.xcconfig */;
			buildSettings = {
				BUNDLE_LOADER = "$(TEST_HOST)";
				CODE_SIGN_STYLE = Manual;
				DEVELOPMENT_TEAM = 9FDKR46K8X;
				INFOPLIST_FILE = GameTrackerTests/Info.plist;
				LD_RUNPATH_SEARCH_PATHS = "$(inherited) @executable_path/Frameworks @loader_path/Frameworks";
				PRODUCT_BUNDLE_IDENTIFIER = com.example.GameTrackerTests;
				PRODUCT_NAME = "$(TARGET_NAME)";
				PROVISIONING_PROFILE_SPECIFIER = "";
				SWIFT_SWIFT3_OBJC_INFERENCE = On;
				SWIFT_VERSION = 4.0;
				TEST_HOST = "$(BUILT_PRODUCTS_DIR)/GameTracker.app/GameTracker";
			};
			name = Release;
		};
/* End XCBuildConfiguration section */

/* Begin XCConfigurationList section */
		AC746C4E1CC3E5AD00555E6D /* Build configuration list for PBXProject "GameTracker" */ = {
			isa = XCConfigurationList;
			buildConfigurations = (
				AC746C6E1CC3E5B100555E6D /* Debug */,
				AC746C6F1CC3E5B100555E6D /* Release */,
			);
			defaultConfigurationIsVisible = 0;
			defaultConfigurationName = Release;
		};
		AC746C701CC3E5B100555E6D /* Build configuration list for PBXNativeTarget "GameTracker" */ = {
			isa = XCConfigurationList;
			buildConfigurations = (
				AC746C711CC3E5B100555E6D /* Debug */,
				AC746C721CC3E5B100555E6D /* Release */,
			);
			defaultConfigurationIsVisible = 0;
			defaultConfigurationName = Release;
		};
		AC746C731CC3E5B100555E6D /* Build configuration list for PBXNativeTarget "GameTrackerTests" */ = {
			isa = XCConfigurationList;
			buildConfigurations = (
				AC746C741CC3E5B100555E6D /* Debug */,
				AC746C751CC3E5B100555E6D /* Release */,
			);
			defaultConfigurationIsVisible = 0;
			defaultConfigurationName = Release;
		};
/* End XCConfigurationList section */
	};
	rootObject = AC746C4B1CC3E5AD00555E6D /* Project object */;
}
